{
  "requires": true,
  "lockfileVersion": 1,
  "dependencies": {
    "commander": {
      "version": "2.15.1",
      "resolved": "http://registry.npm.taobao.org/commander/download/commander-2.15.1.tgz",
      "integrity": "sha1-30boZ9D8Kuxmo0ZitAapzK//Ww8="
    },
    "source-map": {
      "version": "0.6.1",
      "resolved": "http://registry.npm.taobao.org/source-map/download/source-map-0.6.1.tgz",
      "integrity": "sha1-dHIq8y6WFOnCh6jQu95IteLxomM="
    },
    "uglify-js": {
      "version": "3.3.23",
      "resolved": "http://registry.npm.taobao.org/uglify-js/download/uglify-js-3.3.23.tgz",
      "integrity": "sha1-SOpD5jg2TRi+KSpv3CtbfDXyOas=",
      "requires": {
        "commander": "2.15.1",
        "source-map": "0.6.1"
      }
    }
  }
}
